
Microsoft Visual Studio Solution File, Format Version 12.00
# Visual Studio Version 17
VisualStudioVersion = 17.4.33103.184
MinimumVisualStudioVersion = 10.0.40219.1
Project("{FAE04EC0-301F-11D3-BF4B-00C04F79EFBC}") = "Zero_Hunger", "Zero_Hunger\Zero_Hunger.csproj", "{A6AC76A5-D8AE-4570-A90D-1CDA328ED7F5}"
EndProject
Global
	GlobalSection(SolutionConfigurationPlatforms) = preSolution
		Debug|Any CPU = Debug|Any CPU
		Release|Any CPU = Release|Any CPU
	EndGlobalSection
	GlobalSection(ProjectConfigurationPlatforms) = postSolution
		{A6AC76A5-D8AE-4570-A90D-1CDA328ED7F5}.Debug|Any CPU.ActiveCfg = Debug|Any CPU
		{A6AC76A5-D8AE-4570-A90D-1CDA328ED7F5}.Debug|Any CPU.Build.0 = Debug|Any CPU
		{A6AC76A5-D8AE-4570-A90D-1CDA328ED7F5}.Release|Any CPU.ActiveCfg = Release|Any CPU
		{A6AC76A5-D8AE-4570-A90D-1CDA328ED7F5}.Release|Any CPU.Build.0 = Release|Any CPU
	EndGlobalSection
	GlobalSection(SolutionProperties) = preSolution
		HideSolutionNode = FALSE
	EndGlobalSection
	GlobalSection(ExtensibilityGlobals) = postSolution
		SolutionGuid = {69806CE4-37F2-498D-98DA-18F9915DFF86}
	EndGlobalSection
EndGlobal
